// !$*UTF8*$!
{
	archiveVersion = 1;
	classes = {
	};
	objectVersion = 46;
	objects = {

/* Begin PBXBuildFile section */
		0F22EDB298A5ECA3AC33279B /* Pods_BorgMachine.framework in Frameworks */ = {isa = PBXBuildFile; fileRef = 820C3119C7701711BD4991C3 /* Pods_BorgMachine.framework */; };
		C6024CCB1E8FBB8F0010B588 /* Extensions.swift in Sources */ = {isa = PBXBuildFile; fileRef = C6024CCA1E8FBB8F0010B588 /* Extensions.swift */; };
		C6024CD21E8FBBFC0010B588 /* PreferencesController.swift in Sources */ = {isa = PBXBuildFile; fileRef = C6024CD11E8FBBFC0010B588 /* PreferencesController.swift */; };
		C6024CD51E8FBC450010B588 /* PreferencesView.xib in Resources */ = {isa = PBXBuildFile; fileRef = C6024CD41E8FBC450010B588 /* PreferencesView.xib */; };
		C6024CD71E8FBF2A0010B588 /* PreferencesView.swift in Sources */ = {isa = PBXBuildFile; fileRef = C6024CD61E8FBF2A0010B588 /* PreferencesView.swift */; };
		C6024CDA1E8FC4DF0010B588 /* BorgWrapper.swift in Sources */ = {isa = PBXBuildFile; fileRef = C6024CD91E8FC4DF0010B588 /* BorgWrapper.swift */; };
		C6024CE11E8FC6EC0010B588 /* AppPreferences.swift in Sources */ = {isa = PBXBuildFile; fileRef = C6024CE01E8FC6EC0010B588 /* AppPreferences.swift */; };
		C6024CE31E8FCDB30010B588 /* OnboardingView.xib in Resources */ = {isa = PBXBuildFile; fileRef = C6024CE21E8FCDB30010B588 /* OnboardingView.xib */; };
		C6024CE51E8FCDBE0010B588 /* OnboardingView.swift in Sources */ = {isa = PBXBuildFile; fileRef = C6024CE41E8FCDBE0010B588 /* OnboardingView.swift */; };
		C6024CE71E8FD07C0010B588 /* OnboardingController.swift in Sources */ = {isa = PBXBuildFile; fileRef = C6024CE61E8FD07C0010B588 /* OnboardingController.swift */; };
		C63261F11E9298AC002CD9DB /* ArchiveFileView.xib in Resources */ = {isa = PBXBuildFile; fileRef = C63261F01E9298AC002CD9DB /* ArchiveFileView.xib */; };
		C632620F1E929B3E002CD9DB /* ArchiveFileView.swift in Sources */ = {isa = PBXBuildFile; fileRef = C632620E1E929B3E002CD9DB /* ArchiveFileView.swift */; };
		C63262111E929B77002CD9DB /* ArchiveFileController.swift in Sources */ = {isa = PBXBuildFile; fileRef = C63262101E929B77002CD9DB /* ArchiveFileController.swift */; };
		C64EB93F1E92635000DA54AE /* BackupTask.swift in Sources */ = {isa = PBXBuildFile; fileRef = C64EB93E1E92635000DA54AE /* BackupTask.swift */; };
		C64EB9411E926BA200DA54AE /* ListTask.swift in Sources */ = {isa = PBXBuildFile; fileRef = C64EB9401E926BA200DA54AE /* ListTask.swift */; };
		C64EB9451E927D1400DA54AE /* InfoTask.swift in Sources */ = {isa = PBXBuildFile; fileRef = C64EB9441E927D1400DA54AE /* InfoTask.swift */; };
		C64EB9471E928ACC00DA54AE /* ArchiveListView.xib in Resources */ = {isa = PBXBuildFile; fileRef = C64EB9461E928ACC00DA54AE /* ArchiveListView.xib */; };
		C64EB9491E928B7300DA54AE /* ArchiveListView.swift in Sources */ = {isa = PBXBuildFile; fileRef = C64EB9481E928B7300DA54AE /* ArchiveListView.swift */; };
		C64EB94B1E928BA900DA54AE /* ArchiveListController.swift in Sources */ = {isa = PBXBuildFile; fileRef = C64EB94A1E928BA900DA54AE /* ArchiveListController.swift */; };
		C6609B671EA9E63F007A672D /* FileRecord.swift in Sources */ = {isa = PBXBuildFile; fileRef = C6609B661EA9E63F007A672D /* FileRecord.swift */; };
		C6609B691EA9E65F007A672D /* ArchiveListRecord.swift in Sources */ = {isa = PBXBuildFile; fileRef = C6609B681EA9E65F007A672D /* ArchiveListRecord.swift */; };
		C6795DC01E8FDAE000B079F9 /* borg in CopyFiles */ = {isa = PBXBuildFile; fileRef = C6BB35BB1E8FD7C3002FFCBB /* borg */; settings = {ATTRIBUTES = (CodeSignOnCopy, ); }; };
		C688502B1EA9EB3E007CDF53 /* ArchiveRecord.swift in Sources */ = {isa = PBXBuildFile; fileRef = C688502A1EA9EB3E007CDF53 /* ArchiveRecord.swift */; };
		C68850491EA9EB47007CDF53 /* ListRecord.swift in Sources */ = {isa = PBXBuildFile; fileRef = C68850481EA9EB47007CDF53 /* ListRecord.swift */; };
		C688504C1EA9EB88007CDF53 /* BorgMachineTask.swift in Sources */ = {isa = PBXBuildFile; fileRef = C688504B1EA9EB88007CDF53 /* BorgMachineTask.swift */; };
		C688504E1EA9EBAE007CDF53 /* InfoArchiveStatsRecord.swift in Sources */ = {isa = PBXBuildFile; fileRef = C688504D1EA9EBAE007CDF53 /* InfoArchiveStatsRecord.swift */; };
		C68850501EA9EBC0007CDF53 /* InfoArchiveRecord.swift in Sources */ = {isa = PBXBuildFile; fileRef = C688504F1EA9EBC0007CDF53 /* InfoArchiveRecord.swift */; };
		C68850521EA9EBE1007CDF53 /* RepositoryRecord.swift in Sources */ = {isa = PBXBuildFile; fileRef = C68850511EA9EBE1007CDF53 /* RepositoryRecord.swift */; };
		C68850541EA9EC01007CDF53 /* InfoRecord.swift in Sources */ = {isa = PBXBuildFile; fileRef = C68850531EA9EC01007CDF53 /* InfoRecord.swift */; };
		C68850571EA9EC7A007CDF53 /* BufferedStringProcess.swift in Sources */ = {isa = PBXBuildFile; fileRef = C68850561EA9EC7A007CDF53 /* BufferedStringProcess.swift */; };
		C6B365691E8FF57500942635 /* BackupService.swift in Sources */ = {isa = PBXBuildFile; fileRef = C6B365681E8FF57500942635 /* BackupService.swift */; };
		C6B365711E90A8AE00942635 /* SystemMenuController.swift in Sources */ = {isa = PBXBuildFile; fileRef = C6B365701E90A8AE00942635 /* SystemMenuController.swift */; };
		C6B969C61E8D1D1D00897A60 /* AppDelegate.swift in Sources */ = {isa = PBXBuildFile; fileRef = C6B969C51E8D1D1D00897A60 /* AppDelegate.swift */; };
		C6B969CA1E8D1D1D00897A60 /* Assets.xcassets in Resources */ = {isa = PBXBuildFile; fileRef = C6B969C91E8D1D1D00897A60 /* Assets.xcassets */; };
/* End PBXBuildFile section */

/* Begin PBXCopyFilesBuildPhase section */
		C6024CDE1E8FC6030010B588 /* CopyFiles */ = {
			isa = PBXCopyFilesBuildPhase;
			buildActionMask = 2147483647;
			dstPath = "";
			dstSubfolderSpec = 6;
			files = (
				C6795DC01E8FDAE000B079F9 /* borg in CopyFiles */,
			);
			runOnlyForDeploymentPostprocessing = 0;
		};
/* End PBXCopyFilesBuildPhase section */

/* Begin PBXFileReference section */
		6279DC211BE7005230016568 /* Pods-BorgMachine.debug.xcconfig */ = {isa = PBXFileReference; includeInIndex = 1; lastKnownFileType = text.xcconfig; name = "Pods-BorgMachine.debug.xcconfig"; path = "Pods/Target Support Files/Pods-BorgMachine/Pods-BorgMachine.debug.xcconfig"; sourceTree = "<group>"; };
		820C3119C7701711BD4991C3 /* Pods_BorgMachine.framework */ = {isa = PBXFileReference; explicitFileType = wrapper.framework; includeInIndex = 0; path = Pods_BorgMachine.framework; sourceTree = BUILT_PRODUCTS_DIR; };
		C6024CCA1E8FBB8F0010B588 /* Extensions.swift */ = {isa = PBXFileReference; fileEncoding = 4; lastKnownFileType = sourcecode.swift; path = Extensions.swift; sourceTree = "<group>"; };
		C6024CD11E8FBBFC0010B588 /* PreferencesController.swift */ = {isa = PBXFileReference; fileEncoding = 4; lastKnownFileType = sourcecode.swift; path = PreferencesController.swift; sourceTree = "<group>"; };
		C6024CD41E8FBC450010B588 /* PreferencesView.xib */ = {isa = PBXFileReference; fileEncoding = 4; lastKnownFileType = file.xib; path = PreferencesView.xib; sourceTree = "<group>"; };
		C6024CD61E8FBF2A0010B588 /* PreferencesView.swift */ = {isa = PBXFileReference; fileEncoding = 4; lastKnownFileType = sourcecode.swift; path = PreferencesView.swift; sourceTree = "<group>"; };
		C6024CD91E8FC4DF0010B588 /* BorgWrapper.swift */ = {isa = PBXFileReference; fileEncoding = 4; lastKnownFileType = sourcecode.swift; path = BorgWrapper.swift; sourceTree = "<group>"; };
		C6024CE01E8FC6EC0010B588 /* AppPreferences.swift */ = {isa = PBXFileReference; fileEncoding = 4; lastKnownFileType = sourcecode.swift; path = AppPreferences.swift; sourceTree = "<group>"; };
		C6024CE21E8FCDB30010B588 /* OnboardingView.xib */ = {isa = PBXFileReference; fileEncoding = 4; lastKnownFileType = file.xib; path = OnboardingView.xib; sourceTree = "<group>"; };
		C6024CE41E8FCDBE0010B588 /* OnboardingView.swift */ = {isa = PBXFileReference; fileEncoding = 4; lastKnownFileType = sourcecode.swift; path = OnboardingView.swift; sourceTree = "<group>"; };
		C6024CE61E8FD07C0010B588 /* OnboardingController.swift */ = {isa = PBXFileReference; fileEncoding = 4; lastKnownFileType = sourcecode.swift; path = OnboardingController.swift; sourceTree = "<group>"; };
		C63261F01E9298AC002CD9DB /* ArchiveFileView.xib */ = {isa = PBXFileReference; fileEncoding = 4; lastKnownFileType = file.xib; path = ArchiveFileView.xib; sourceTree = "<group>"; };
		C632620E1E929B3E002CD9DB /* ArchiveFileView.swift */ = {isa = PBXFileReference; fileEncoding = 4; lastKnownFileType = sourcecode.swift; path = ArchiveFileView.swift; sourceTree = "<group>"; };
		C63262101E929B77002CD9DB /* ArchiveFileController.swift */ = {isa = PBXFileReference; fileEncoding = 4; lastKnownFileType = sourcecode.swift; path = ArchiveFileController.swift; sourceTree = "<group>"; };
		C64EB93E1E92635000DA54AE /* BackupTask.swift */ = {isa = PBXFileReference; fileEncoding = 4; lastKnownFileType = sourcecode.swift; path = BackupTask.swift; sourceTree = "<group>"; };
		C64EB9401E926BA200DA54AE /* ListTask.swift */ = {isa = PBXFileReference; fileEncoding = 4; lastKnownFileType = sourcecode.swift; path = ListTask.swift; sourceTree = "<group>"; };
		C64EB9441E927D1400DA54AE /* InfoTask.swift */ = {isa = PBXFileReference; fileEncoding = 4; lastKnownFileType = sourcecode.swift; path = InfoTask.swift; sourceTree = "<group>"; };
		C64EB9461E928ACC00DA54AE /* ArchiveListView.xib */ = {isa = PBXFileReference; fileEncoding = 4; lastKnownFileType = file.xib; path = ArchiveListView.xib; sourceTree = "<group>"; };
		C64EB9481E928B7300DA54AE /* ArchiveListView.swift */ = {isa = PBXFileReference; fileEncoding = 4; lastKnownFileType = sourcecode.swift; path = ArchiveListView.swift; sourceTree = "<group>"; };
		C64EB94A1E928BA900DA54AE /* ArchiveListController.swift */ = {isa = PBXFileReference; fileEncoding = 4; lastKnownFileType = sourcecode.swift; path = ArchiveListController.swift; sourceTree = "<group>"; };
		C6609B661EA9E63F007A672D /* FileRecord.swift */ = {isa = PBXFileReference; fileEncoding = 4; lastKnownFileType = sourcecode.swift; path = FileRecord.swift; sourceTree = "<group>"; };
		C6609B681EA9E65F007A672D /* ArchiveListRecord.swift */ = {isa = PBXFileReference; fileEncoding = 4; lastKnownFileType = sourcecode.swift; path = ArchiveListRecord.swift; sourceTree = "<group>"; };
		C688502A1EA9EB3E007CDF53 /* ArchiveRecord.swift */ = {isa = PBXFileReference; fileEncoding = 4; lastKnownFileType = sourcecode.swift; path = ArchiveRecord.swift; sourceTree = "<group>"; };
		C68850481EA9EB47007CDF53 /* ListRecord.swift */ = {isa = PBXFileReference; fileEncoding = 4; lastKnownFileType = sourcecode.swift; path = ListRecord.swift; sourceTree = "<group>"; };
		C688504B1EA9EB88007CDF53 /* BorgMachineTask.swift */ = {isa = PBXFileReference; fileEncoding = 4; lastKnownFileType = sourcecode.swift; path = BorgMachineTask.swift; sourceTree = "<group>"; };
		C688504D1EA9EBAE007CDF53 /* InfoArchiveStatsRecord.swift */ = {isa = PBXFileReference; fileEncoding = 4; lastKnownFileType = sourcecode.swift; path = InfoArchiveStatsRecord.swift; sourceTree = "<group>"; };
		C688504F1EA9EBC0007CDF53 /* InfoArchiveRecord.swift */ = {isa = PBXFileReference; fileEncoding = 4; lastKnownFileType = sourcecode.swift; path = InfoArchiveRecord.swift; sourceTree = "<group>"; };
		C68850511EA9EBE1007CDF53 /* RepositoryRecord.swift */ = {isa = PBXFileReference; fileEncoding = 4; lastKnownFileType = sourcecode.swift; path = RepositoryRecord.swift; sourceTree = "<group>"; };
		C68850531EA9EC01007CDF53 /* InfoRecord.swift */ = {isa = PBXFileReference; fileEncoding = 4; lastKnownFileType = sourcecode.swift; path = InfoRecord.swift; sourceTree = "<group>"; };
		C68850561EA9EC7A007CDF53 /* BufferedStringProcess.swift */ = {isa = PBXFileReference; fileEncoding = 4; lastKnownFileType = sourcecode.swift; path = BufferedStringProcess.swift; sourceTree = "<group>"; };
		C6B3652A1E8FE3A700942635 /* RxCocoa.framework */ = {isa = PBXFileReference; lastKnownFileType = wrapper.framework; name = RxCocoa.framework; path = Dependencies/RxSwift/build/Debug/RxCocoa.framework; sourceTree = "<group>"; };
		C6B3652B1E8FE3A700942635 /* RxSwift.framework */ = {isa = PBXFileReference; lastKnownFileType = wrapper.framework; name = RxSwift.framework; path = Dependencies/RxSwift/build/Debug/RxSwift.framework; sourceTree = "<group>"; };
		C6B365681E8FF57500942635 /* BackupService.swift */ = {isa = PBXFileReference; fileEncoding = 4; lastKnownFileType = sourcecode.swift; path = BackupService.swift; sourceTree = "<group>"; };
		C6B365701E90A8AE00942635 /* SystemMenuController.swift */ = {isa = PBXFileReference; fileEncoding = 4; lastKnownFileType = sourcecode.swift; path = SystemMenuController.swift; sourceTree = "<group>"; };
		C6B969C21E8D1D1D00897A60 /* BorgMachine.app */ = {isa = PBXFileReference; explicitFileType = wrapper.application; includeInIndex = 0; path = BorgMachine.app; sourceTree = BUILT_PRODUCTS_DIR; };
		C6B969C51E8D1D1D00897A60 /* AppDelegate.swift */ = {isa = PBXFileReference; lastKnownFileType = sourcecode.swift; path = AppDelegate.swift; sourceTree = "<group>"; };
		C6B969C91E8D1D1D00897A60 /* Assets.xcassets */ = {isa = PBXFileReference; lastKnownFileType = folder.assetcatalog; path = Assets.xcassets; sourceTree = "<group>"; };
		C6B969CE1E8D1D1D00897A60 /* Info.plist */ = {isa = PBXFileReference; lastKnownFileType = text.plist.xml; path = Info.plist; sourceTree = "<group>"; };
		C6BB35BB1E8FD7C3002FFCBB /* borg */ = {isa = PBXFileReference; lastKnownFileType = "compiled.mach-o.executable"; path = borg; sourceTree = "<group>"; };
		CE7C2C05E10349FE679FCB02 /* Pods-BorgMachine.release.xcconfig */ = {isa = PBXFileReference; includeInIndex = 1; lastKnownFileType = text.xcconfig; name = "Pods-BorgMachine.release.xcconfig"; path = "Pods/Target Support Files/Pods-BorgMachine/Pods-BorgMachine.release.xcconfig"; sourceTree = "<group>"; };
/* End PBXFileReference section */

/* Begin PBXFrameworksBuildPhase section */
		C6B969BF1E8D1D1D00897A60 /* Frameworks */ = {
			isa = PBXFrameworksBuildPhase;
			buildActionMask = 2147483647;
			files = (
				0F22EDB298A5ECA3AC33279B /* Pods_BorgMachine.framework in Frameworks */,
			);
			runOnlyForDeploymentPostprocessing = 0;
		};
/* End PBXFrameworksBuildPhase section */

/* Begin PBXGroup section */
		C6024CD01E8FBBD90010B588 /* Controllers */ = {
			isa = PBXGroup;
			children = (
				C63262101E929B77002CD9DB /* ArchiveFileController.swift */,
				C64EB94A1E928BA900DA54AE /* ArchiveListController.swift */,
				C6024CE61E8FD07C0010B588 /* OnboardingController.swift */,
				C6024CD11E8FBBFC0010B588 /* PreferencesController.swift */,
				C6B365701E90A8AE00942635 /* SystemMenuController.swift */,
			);
			path = Controllers;
			sourceTree = "<group>";
		};
		C6024CD31E8FBC200010B588 /* Views */ = {
			isa = PBXGroup;
			children = (
				C632620E1E929B3E002CD9DB /* ArchiveFileView.swift */,
				C63261F01E9298AC002CD9DB /* ArchiveFileView.xib */,
				C64EB9481E928B7300DA54AE /* ArchiveListView.swift */,
				C64EB9461E928ACC00DA54AE /* ArchiveListView.xib */,
				C6024CE41E8FCDBE0010B588 /* OnboardingView.swift */,
				C6024CE21E8FCDB30010B588 /* OnboardingView.xib */,
				C6024CD61E8FBF2A0010B588 /* PreferencesView.swift */,
				C6024CD41E8FBC450010B588 /* PreferencesView.xib */,
			);
			path = Views;
			sourceTree = "<group>";
		};
		C6024CD81E8FC4C30010B588 /* Services */ = {
			isa = PBXGroup;
			children = (
				C6B365681E8FF57500942635 /* BackupService.swift */,
				C6024CD91E8FC4DF0010B588 /* BorgWrapper.swift */,
			);
			path = Services;
			sourceTree = "<group>";
		};
		C6024CDB1E8FC5290010B588 /* Dependencies */ = {
			isa = PBXGroup;
			children = (
				C6BB35BB1E8FD7C3002FFCBB /* borg */,
			);
			path = Dependencies;
			sourceTree = "<group>";
		};
		C64EB9211E92632400DA54AE /* Tasks */ = {
			isa = PBXGroup;
			children = (
				C64EB93E1E92635000DA54AE /* BackupTask.swift */,
				C64EB9441E927D1400DA54AE /* InfoTask.swift */,
				C64EB9401E926BA200DA54AE /* ListTask.swift */,
			);
			path = Tasks;
			sourceTree = "<group>";
		};
		C6609B651EA9E61D007A672D /* Models */ = {
			isa = PBXGroup;
			children = (
				C6609B681EA9E65F007A672D /* ArchiveListRecord.swift */,
				C688502A1EA9EB3E007CDF53 /* ArchiveRecord.swift */,
				C6609B661EA9E63F007A672D /* FileRecord.swift */,
				C688504F1EA9EBC0007CDF53 /* InfoArchiveRecord.swift */,
				C688504D1EA9EBAE007CDF53 /* InfoArchiveStatsRecord.swift */,
				C68850531EA9EC01007CDF53 /* InfoRecord.swift */,
				C68850481EA9EB47007CDF53 /* ListRecord.swift */,
				C68850511EA9EBE1007CDF53 /* RepositoryRecord.swift */,
			);
			path = Models;
			sourceTree = "<group>";
		};
		C688504A1EA9EB6D007CDF53 /* Protocols */ = {
			isa = PBXGroup;
			children = (
				C688504B1EA9EB88007CDF53 /* BorgMachineTask.swift */,
			);
			path = Protocols;
			sourceTree = "<group>";
		};
		C68850551EA9EC54007CDF53 /* Utilities */ = {
			isa = PBXGroup;
			children = (
				C68850561EA9EC7A007CDF53 /* BufferedStringProcess.swift */,
			);
			path = Utilities;
			sourceTree = "<group>";
		};
		C6B365291E8FE3A700942635 /* Frameworks */ = {
			isa = PBXGroup;
			children = (
				C6B3652A1E8FE3A700942635 /* RxCocoa.framework */,
				C6B3652B1E8FE3A700942635 /* RxSwift.framework */,
				820C3119C7701711BD4991C3 /* Pods_BorgMachine.framework */,
			);
			name = Frameworks;
			sourceTree = "<group>";
		};
		C6B969B91E8D1D1D00897A60 = {
			isa = PBXGroup;
			children = (
				C6B969C41E8D1D1D00897A60 /* Sources */,
				C6024CDB1E8FC5290010B588 /* Dependencies */,
				C6B969C31E8D1D1D00897A60 /* Products */,
				C6B365291E8FE3A700942635 /* Frameworks */,
				F444FF8E0E13AE44E672E738 /* Pods */,
			);
			sourceTree = "<group>";
		};
		C6B969C31E8D1D1D00897A60 /* Products */ = {
			isa = PBXGroup;
			children = (
				C6B969C21E8D1D1D00897A60 /* BorgMachine.app */,
			);
			name = Products;
			sourceTree = "<group>";
		};
		C6B969C41E8D1D1D00897A60 /* Sources */ = {
			isa = PBXGroup;
			children = (
				C6024CD01E8FBBD90010B588 /* Controllers */,
				C6609B651EA9E61D007A672D /* Models */,
				C688504A1EA9EB6D007CDF53 /* Protocols */,
				C6024CD81E8FC4C30010B588 /* Services */,
				C64EB9211E92632400DA54AE /* Tasks */,
				C68850551EA9EC54007CDF53 /* Utilities */,
				C6024CD31E8FBC200010B588 /* Views */,
				C6B969CE1E8D1D1D00897A60 /* Info.plist */,
				C6B969C51E8D1D1D00897A60 /* AppDelegate.swift */,
				C6024CE01E8FC6EC0010B588 /* AppPreferences.swift */,
				C6024CCA1E8FBB8F0010B588 /* Extensions.swift */,
				C6B969C91E8D1D1D00897A60 /* Assets.xcassets */,
			);
			path = Sources;
			sourceTree = "<group>";
		};
		F444FF8E0E13AE44E672E738 /* Pods */ = {
			isa = PBXGroup;
			children = (
				6279DC211BE7005230016568 /* Pods-BorgMachine.debug.xcconfig */,
				CE7C2C05E10349FE679FCB02 /* Pods-BorgMachine.release.xcconfig */,
			);
			name = Pods;
			sourceTree = "<group>";
		};
/* End PBXGroup section */

/* Begin PBXNativeTarget section */
		C6B969C11E8D1D1D00897A60 /* BorgMachine */ = {
			isa = PBXNativeTarget;
			buildConfigurationList = C6B969D11E8D1D1D00897A60 /* Build configuration list for PBXNativeTarget "BorgMachine" */;
			buildPhases = (
				CE278ECC4D11F97F66C23E4A /* [CP] Check Pods Manifest.lock */,
				C6B969BE1E8D1D1D00897A60 /* Sources */,
				C6B969BF1E8D1D1D00897A60 /* Frameworks */,
				C6B969C01E8D1D1D00897A60 /* Resources */,
				C6024CDE1E8FC6030010B588 /* CopyFiles */,
				8C157490A3016675F0FF47E4 /* [CP] Embed Pods Frameworks */,
				1899EFC25FF59D4D80342D73 /* [CP] Copy Pods Resources */,
			);
			buildRules = (
			);
			dependencies = (
			);
			name = BorgMachine;
			productName = BorgMachine;
			productReference = C6B969C21E8D1D1D00897A60 /* BorgMachine.app */;
			productType = "com.apple.product-type.application";
		};
/* End PBXNativeTarget section */

/* Begin PBXProject section */
		C6B969BA1E8D1D1D00897A60 /* Project object */ = {
			isa = PBXProject;
			attributes = {
				LastSwiftUpdateCheck = 0830;
				LastUpgradeCheck = 0830;
				ORGANIZATIONNAME = "Brendan Molloy";
				TargetAttributes = {
					C6B969C11E8D1D1D00897A60 = {
						CreatedOnToolsVersion = 8.3;
						DevelopmentTeam = AE56HWMN8U;
						LastSwiftMigration = 0830;
						ProvisioningStyle = Automatic;
						SystemCapabilities = {
							com.apple.Keychain = {
								enabled = 0;
							};
						};
					};
				};
			};
			buildConfigurationList = C6B969BD1E8D1D1D00897A60 /* Build configuration list for PBXProject "BorgMachine" */;
			compatibilityVersion = "Xcode 3.2";
			developmentRegion = English;
			hasScannedForEncodings = 0;
			knownRegions = (
				en,
				Base,
			);
			mainGroup = C6B969B91E8D1D1D00897A60;
			productRefGroup = C6B969C31E8D1D1D00897A60 /* Products */;
			projectDirPath = "";
			projectRoot = "";
			targets = (
				C6B969C11E8D1D1D00897A60 /* BorgMachine */,
			);
		};
/* End PBXProject section */

/* Begin PBXResourcesBuildPhase section */
		C6B969C01E8D1D1D00897A60 /* Resources */ = {
			isa = PBXResourcesBuildPhase;
			buildActionMask = 2147483647;
			files = (
				C6B969CA1E8D1D1D00897A60 /* Assets.xcassets in Resources */,
				C64EB9471E928ACC00DA54AE /* ArchiveListView.xib in Resources */,
				C6024CD51E8FBC450010B588 /* PreferencesView.xib in Resources */,
				C6024CE31E8FCDB30010B588 /* OnboardingView.xib in Resources */,
				C63261F11E9298AC002CD9DB /* ArchiveFileView.xib in Resources */,
			);
			runOnlyForDeploymentPostprocessing = 0;
		};
/* End PBXResourcesBuildPhase section */

/* Begin PBXShellScriptBuildPhase section */
		1899EFC25FF59D4D80342D73 /* [CP] Copy Pods Resources */ = {
			isa = PBXShellScriptBuildPhase;
			buildActionMask = 2147483647;
			files = (
			);
			inputPaths = (
			);
			name = "[CP] Copy Pods Resources";
			outputPaths = (
			);
			runOnlyForDeploymentPostprocessing = 0;
			shellPath = /bin/sh;
			shellScript = "\"${SRCROOT}/Pods/Target Support Files/Pods-BorgMachine/Pods-BorgMachine-resources.sh\"\n";
			showEnvVarsInLog = 0;
		};
		8C157490A3016675F0FF47E4 /* [CP] Embed Pods Frameworks */ = {
			isa = PBXShellScriptBuildPhase;
			buildActionMask = 2147483647;
			files = (
			);
			inputPaths = (
			);
			name = "[CP] Embed Pods Frameworks";
			outputPaths = (
			);
			runOnlyForDeploymentPostprocessing = 0;
			shellPath = /bin/sh;
			shellScript = "\"${SRCROOT}/Pods/Target Support Files/Pods-BorgMachine/Pods-BorgMachine-frameworks.sh\"\n";
			showEnvVarsInLog = 0;
		};
		CE278ECC4D11F97F66C23E4A /* [CP] Check Pods Manifest.lock */ = {
			isa = PBXShellScriptBuildPhase;
			buildActionMask = 2147483647;
			files = (
			);
			inputPaths = (
			);
			name = "[CP] Check Pods Manifest.lock";
			outputPaths = (
			);
			runOnlyForDeploymentPostprocessing = 0;
			shellPath = /bin/sh;
			shellScript = "diff \"${PODS_PODFILE_DIR_PATH}/Podfile.lock\" \"${PODS_ROOT}/Manifest.lock\" > /dev/null\nif [ $? != 0 ] ; then\n    # print error to STDERR\n    echo \"error: The sandbox is not in sync with the Podfile.lock. Run 'pod install' or update your CocoaPods installation.\" >&2\n    exit 1\nfi\n";
			showEnvVarsInLog = 0;
		};
/* End PBXShellScriptBuildPhase section */

/* Begin PBXSourcesBuildPhase section */
		C6B969BE1E8D1D1D00897A60 /* Sources */ = {
			isa = PBXSourcesBuildPhase;
			buildActionMask = 2147483647;
			files = (
				C6024CD71E8FBF2A0010B588 /* PreferencesView.swift in Sources */,
				C68850521EA9EBE1007CDF53 /* RepositoryRecord.swift in Sources */,
				C64EB9491E928B7300DA54AE /* ArchiveListView.swift in Sources */,
				C6609B691EA9E65F007A672D /* ArchiveListRecord.swift in Sources */,
				C6024CE11E8FC6EC0010B588 /* AppPreferences.swift in Sources */,
				C6609B671EA9E63F007A672D /* FileRecord.swift in Sources */,
				C6024CE51E8FCDBE0010B588 /* OnboardingView.swift in Sources */,
				C6024CD21E8FBBFC0010B588 /* PreferencesController.swift in Sources */,
				C68850501EA9EBC0007CDF53 /* InfoArchiveRecord.swift in Sources */,
				C688504E1EA9EBAE007CDF53 /* InfoArchiveStatsRecord.swift in Sources */,
				C68850541EA9EC01007CDF53 /* InfoRecord.swift in Sources */,
				C6B365711E90A8AE00942635 /* SystemMenuController.swift in Sources */,
				C6024CCB1E8FBB8F0010B588 /* Extensions.swift in Sources */,
				C64EB94B1E928BA900DA54AE /* ArchiveListController.swift in Sources */,
				C632620F1E929B3E002CD9DB /* ArchiveFileView.swift in Sources */,
				C68850571EA9EC7A007CDF53 /* BufferedStringProcess.swift in Sources */,
				C6B365691E8FF57500942635 /* BackupService.swift in Sources */,
				C688504C1EA9EB88007CDF53 /* BorgMachineTask.swift in Sources */,
				C6B969C61E8D1D1D00897A60 /* AppDelegate.swift in Sources */,
				C64EB9411E926BA200DA54AE /* ListTask.swift in Sources */,
				C6024CDA1E8FC4DF0010B588 /* BorgWrapper.swift in Sources */,
				C63262111E929B77002CD9DB /* ArchiveFileController.swift in Sources */,
				C6024CE71E8FD07C0010B588 /* OnboardingController.swift in Sources */,
				C68850491EA9EB47007CDF53 /* ListRecord.swift in Sources */,
				C688502B1EA9EB3E007CDF53 /* ArchiveRecord.swift in Sources */,
				C64EB9451E927D1400DA54AE /* InfoTask.swift in Sources */,
				C64EB93F1E92635000DA54AE /* BackupTask.swift in Sources */,
			);
			runOnlyForDeploymentPostprocessing = 0;
		};
/* End PBXSourcesBuildPhase section */

/* Begin XCBuildConfiguration section */
		C6B969CF1E8D1D1D00897A60 /* Debug */ = {
			isa = XCBuildConfiguration;
			buildSettings = {
				ALWAYS_EMBED_SWIFT_STANDARD_LIBRARIES = "$(inherited)";
				ALWAYS_SEARCH_USER_PATHS = NO;
				CLANG_ANALYZER_NONNULL = YES;
				CLANG_ANALYZER_NUMBER_OBJECT_CONVERSION = YES_AGGRESSIVE;
				CLANG_CXX_LANGUAGE_STANDARD = "gnu++0x";
				CLANG_CXX_LIBRARY = "libc++";
				CLANG_ENABLE_MODULES = YES;
				CLANG_ENABLE_OBJC_ARC = YES;
				CLANG_WARN_BOOL_CONVERSION = YES;
				CLANG_WARN_CONSTANT_CONVERSION = YES;
				CLANG_WARN_DIRECT_OBJC_ISA_USAGE = YES_ERROR;
				CLANG_WARN_DOCUMENTATION_COMMENTS = YES;
				CLANG_WARN_EMPTY_BODY = YES;
				CLANG_WARN_ENUM_CONVERSION = YES;
				CLANG_WARN_INFINITE_RECURSION = YES;
				CLANG_WARN_INT_CONVERSION = YES;
				CLANG_WARN_OBJC_ROOT_CLASS = YES_ERROR;
				CLANG_WARN_SUSPICIOUS_MOVE = YES;
				CLANG_WARN_UNREACHABLE_CODE = YES;
				CLANG_WARN__DUPLICATE_METHOD_MATCH = YES;
				CODE_SIGN_IDENTITY = "-";
				COPY_PHASE_STRIP = NO;
				DEBUG_INFORMATION_FORMAT = dwarf;
				ENABLE_STRICT_OBJC_MSGSEND = YES;
				ENABLE_TESTABILITY = YES;
				GCC_C_LANGUAGE_STANDARD = gnu99;
				GCC_DYNAMIC_NO_PIC = NO;
				GCC_NO_COMMON_BLOCKS = YES;
				GCC_OPTIMIZATION_LEVEL = 0;
				GCC_PREPROCESSOR_DEFINITIONS = (
					"DEBUG=1",
					"$(inherited)",
				);
				GCC_WARN_64_TO_32_BIT_CONVERSION = YES;
				GCC_WARN_ABOUT_RETURN_TYPE = YES_ERROR;
				GCC_WARN_UNDECLARED_SELECTOR = YES;
				GCC_WARN_UNINITIALIZED_AUTOS = YES_AGGRESSIVE;
				GCC_WARN_UNUSED_FUNCTION = YES;
				GCC_WARN_UNUSED_VARIABLE = YES;
				MACOSX_DEPLOYMENT_TARGET = 10.12;
				MTL_ENABLE_DEBUG_INFO = YES;
				ONLY_ACTIVE_ARCH = YES;
				SDKROOT = macosx;
				SWIFT_ACTIVE_COMPILATION_CONDITIONS = DEBUG;
				SWIFT_OPTIMIZATION_LEVEL = "-Onone";
			};
			name = Debug;
		};
		C6B969D01E8D1D1D00897A60 /* Release */ = {
			isa = XCBuildConfiguration;
			buildSettings = {
				ALWAYS_EMBED_SWIFT_STANDARD_LIBRARIES = "$(inherited)";
				ALWAYS_SEARCH_USER_PATHS = NO;
				CLANG_ANALYZER_NONNULL = YES;
				CLANG_ANALYZER_NUMBER_OBJECT_CONVERSION = YES_AGGRESSIVE;
				CLANG_CXX_LANGUAGE_STANDARD = "gnu++0x";
				CLANG_CXX_LIBRARY = "libc++";
				CLANG_ENABLE_MODULES = YES;
				CLANG_ENABLE_OBJC_ARC = YES;
				CLANG_WARN_BOOL_CONVERSION = YES;
				CLANG_WARN_CONSTANT_CONVERSION = YES;
				CLANG_WARN_DIRECT_OBJC_ISA_USAGE = YES_ERROR;
				CLANG_WARN_DOCUMENTATION_COMMENTS = YES;
				CLANG_WARN_EMPTY_BODY = YES;
				CLANG_WARN_ENUM_CONVERSION = YES;
				CLANG_WARN_INFINITE_RECURSION = YES;
				CLANG_WARN_INT_CONVERSION = YES;
				CLANG_WARN_OBJC_ROOT_CLASS = YES_ERROR;
				CLANG_WARN_SUSPICIOUS_MOVE = YES;
				CLANG_WARN_UNREACHABLE_CODE = YES;
				CLANG_WARN__DUPLICATE_METHOD_MATCH = YES;
				CODE_SIGN_IDENTITY = "-";
				COPY_PHASE_STRIP = NO;
				DEBUG_INFORMATION_FORMAT = "dwarf-with-dsym";
				ENABLE_NS_ASSERTIONS = NO;
				ENABLE_STRICT_OBJC_MSGSEND = YES;
				GCC_C_LANGUAGE_STANDARD = gnu99;
				GCC_NO_COMMON_BLOCKS = YES;
				GCC_WARN_64_TO_32_BIT_CONVERSION = YES;
				GCC_WARN_ABOUT_RETURN_TYPE = YES_ERROR;
				GCC_WARN_UNDECLARED_SELECTOR = YES;
				GCC_WARN_UNINITIALIZED_AUTOS = YES_AGGRESSIVE;
				GCC_WARN_UNUSED_FUNCTION = YES;
				GCC_WARN_UNUSED_VARIABLE = YES;
				MACOSX_DEPLOYMENT_TARGET = 10.12;
				MTL_ENABLE_DEBUG_INFO = NO;
				SDKROOT = macosx;
				SWIFT_OPTIMIZATION_LEVEL = "-Owholemodule";
			};
			name = Release;
		};
		C6B969D21E8D1D1D00897A60 /* Debug */ = {
			isa = XCBuildConfiguration;
			baseConfigurationReference = 6279DC211BE7005230016568 /* Pods-BorgMachine.debug.xcconfig */;
			buildSettings = {
				ALWAYS_EMBED_SWIFT_STANDARD_LIBRARIES = "$(inherited)";
				ASSETCATALOG_COMPILER_APPICON_NAME = AppIcon;
				CLANG_ENABLE_MODULES = YES;
				COMBINE_HIDPI_IMAGES = YES;
				FRAMEWORK_SEARCH_PATHS = "$(inherited)";
				INFOPLIST_FILE = Sources/Info.plist;
				LD_RUNPATH_SEARCH_PATHS = "$(inherited) @executable_path/../Frameworks";
				MACOSX_DEPLOYMENT_TARGET = 10.10;
				PRODUCT_BUNDLE_IDENTIFIER = so.brendan.BorgMachine;
				PRODUCT_NAME = "$(TARGET_NAME)";
				SWIFT_OPTIMIZATION_LEVEL = "-Onone";
				SWIFT_VERSION = 3.0;
			};
			name = Debug;
		};
		C6B969D31E8D1D1D00897A60 /* Release */ = {
			isa = XCBuildConfiguration;
			baseConfigurationReference = CE7C2C05E10349FE679FCB02 /* Pods-BorgMachine.release.xcconfig */;
			buildSettings = {
				ALWAYS_EMBED_SWIFT_STANDARD_LIBRARIES = "$(inherited)";
				ASSETCATALOG_COMPILER_APPICON_NAME = AppIcon;
				CLANG_ENABLE_MODULES = YES;
				COMBINE_HIDPI_IMAGES = YES;
				FRAMEWORK_SEARCH_PATHS = "$(inherited)";
				INFOPLIST_FILE = Sources/Info.plist;
				LD_RUNPATH_SEARCH_PATHS = "$(inherited) @executable_path/../Frameworks";
				MACOSX_DEPLOYMENT_TARGET = 10.10;
				PRODUCT_BUNDLE_IDENTIFIER = so.brendan.BorgMachine;
				PRODUCT_NAME = "$(TARGET_NAME)";
				SWIFT_VERSION = 3.0;
			};
			name = Release;
		};
/* End XCBuildConfiguration section */

/* Begin XCConfigurationList section */
		C6B969BD1E8D1D1D00897A60 /* Build configuration list for PBXProject "BorgMachine" */ = {
			isa = XCConfigurationList;
			buildConfigurations = (
				C6B969CF1E8D1D1D00897A60 /* Debug */,
				C6B969D01E8D1D1D00897A60 /* Release */,
			);
			defaultConfigurationIsVisible = 0;
			defaultConfigurationName = Release;
		};
		C6B969D11E8D1D1D00897A60 /* Build configuration list for PBXNativeTarget "BorgMachine" */ = {
			isa = XCConfigurationList;
			buildConfigurations = (
				C6B969D21E8D1D1D00897A60 /* Debug */,
				C6B969D31E8D1D1D00897A60 /* Release */,
			);
			defaultConfigurationIsVisible = 0;
			defaultConfigurationName = Release;
		};
/* End XCConfigurationList section */
	};
	rootObject = C6B969BA1E8D1D1D00897A60 /* Project object */;
}
